
Microsoft Visual Studio Solution File, Format Version 12.00
# Visual Studio Version 17
VisualStudioVersion = 17.0.32112.339
MinimumVisualStudioVersion = 10.0.40219.1
Project("{FAE04EC0-301F-11D3-BF4B-00C04F79EFBC}") = "ConsoleUI", "ConsoleUI\ConsoleUI.csproj", "{EF5B5A44-2608-4B72-B695-3F126D42E5D2}"
EndProject
Project("{FAE04EC0-301F-11D3-BF4B-00C04F79EFBC}") = "DestinationUnknownLibrary", "DestinationUnknownLibrary\DestinationUnknownLibrary.csproj", "{6706C168-2901-4CBC-B750-3695DC3B43FA}"
EndProject
Global
	GlobalSection(SolutionConfigurationPlatforms) = preSolution
		Debug|Any CPU = Debug|Any CPU
		Release|Any CPU = Release|Any CPU
	EndGlobalSection
	GlobalSection(ProjectConfigurationPlatforms) = postSolution
		{EF5B5A44-2608-4B72-B695-3F126D42E5D2}.Debug|Any CPU.ActiveCfg = Debug|Any CPU
		{EF5B5A44-2608-4B72-B695-3F126D42E5D2}.Debug|Any CPU.Build.0 = Debug|Any CPU
		{EF5B5A44-2608-4B72-B695-3F126D42E5D2}.Release|Any CPU.ActiveCfg = Release|Any CPU
		{EF5B5A44-2608-4B72-B695-3F126D42E5D2}.Release|Any CPU.Build.0 = Release|Any CPU
		{6706C168-2901-4CBC-B750-3695DC3B43FA}.Debug|Any CPU.ActiveCfg = Debug|Any CPU
		{6706C168-2901-4CBC-B750-3695DC3B43FA}.Debug|Any CPU.Build.0 = Debug|Any CPU
		{6706C168-2901-4CBC-B750-3695DC3B43FA}.Release|Any CPU.ActiveCfg = Release|Any CPU
		{6706C168-2901-4CBC-B750-3695DC3B43FA}.Release|Any CPU.Build.0 = Release|Any CPU
	EndGlobalSection
	GlobalSection(SolutionProperties) = preSolution
		HideSolutionNode = FALSE
	EndGlobalSection
	GlobalSection(ExtensibilityGlobals) = postSolution
		SolutionGuid = {42C9430F-56DA-424E-95D5-2473666E1E4D}
	EndGlobalSection
EndGlobal
